
Microsoft Visual Studio Solution File, Format Version 12.00
# Visual Studio Version 17
VisualStudioVersion = 17.10.35013.160
MinimumVisualStudioVersion = 10.0.40219.1
Project("{FAE04EC0-301F-11D3-BF4B-00C04F79EFBC}") = "MiWebAPI", "MiWebAPI\MiWebAPI.csproj", "{E813DA67-1F37-4706-B686-3567BA021D41}"
EndProject
Global
	GlobalSection(SolutionConfigurationPlatforms) = preSolution
		Debug|Any CPU = Debug|Any CPU
		Release|Any CPU = Release|Any CPU
	EndGlobalSection
	GlobalSection(ProjectConfigurationPlatforms) = postSolution
		{E813DA67-1F37-4706-B686-3567BA021D41}.Debug|Any CPU.ActiveCfg = Debug|Any CPU
		{E813DA67-1F37-4706-B686-3567BA021D41}.Debug|Any CPU.Build.0 = Debug|Any CPU
		{E813DA67-1F37-4706-B686-3567BA021D41}.Release|Any CPU.ActiveCfg = Release|Any CPU
		{E813DA67-1F37-4706-B686-3567BA021D41}.Release|Any CPU.Build.0 = Release|Any CPU
	EndGlobalSection
	GlobalSection(SolutionProperties) = preSolution
		HideSolutionNode = FALSE
	EndGlobalSection
	GlobalSection(ExtensibilityGlobals) = postSolution
		SolutionGuid = {EE622400-89B4-4D64-A2B8-DF0010AD18A3}
	EndGlobalSection
EndGlobal
